{
    "_readme": [
        "This file locks the dependencies of your project to a known state",
        "Read more about it at https://getcomposer.org/doc/01-basic-usage.md#composer-lock-the-lock-file",
        "This file is @generated automatically"
    ],
    "content-hash": "09ae2846130680ce7acf4594619d98f3",
    "packages": [
        {
            "name": "telegram-bot/api",
            "version": "v2.3.8",
            "source": {
                "type": "git",
                "url": "https://github.com/TelegramBot/Api.git",
                "reference": "7ceb6f8a23707cb5e93c5efa284c754be5aab982"
            },
            "dist": {
                "type": "zip",
                "url": "https://api.github.com/repos/TelegramBot/Api/zipball/7ceb6f8a23707cb5e93c5efa284c754be5aab982",
                "reference": "7ceb6f8a23707cb5e93c5efa284c754be5aab982",
                "shasum": ""
            },
            "require": {
                "php": ">=5.5.0"
            },
            "require-dev": {
                "codeception/codeception": "*",
                "phpunit/phpunit": "~4.0",
                "squizlabs/php_codesniffer": "2.*"
            },
            "type": "library",
            "extra": {
                "branch-alias": {
                    "dev-master": "1.0-dev"
                }
            },
            "autoload": {
                "psr-4": {
                    "TelegramBot\\Api\\": "src"
                }
            },
            "notification-url": "https://packagist.org/downloads/",
            "license": [
                "MIT"
            ],
            "authors": [
                {
                    "name": "Ilya Gusev",
                    "email": "mail@igusev.ru",
                    "homepage": "https://php-cat.com",
                    "role": "Developer"
                }
            ],
            "description": "PHP Wrapper for Telegram Bot API",
            "homepage": "https://github.com/TelegramBot/Api",
            "keywords": [
                "bot",
                "bot api",
                "php",
                "telegram"
            ],
            "time": "2018-03-16T14:14:53+00:00"
        },
        {
            "name": "yandex/translate-api",
            "version": "1.5.2",
            "source": {
                "type": "git",
                "url": "https://github.com/yandex-php/translate-api.git",
                "reference": "c99e69cde3e688fc0f99c4d8a21585226a8e1938"
            },
            "dist": {
                "type": "zip",
                "url": "https://api.github.com/repos/yandex-php/translate-api/zipball/c99e69cde3e688fc0f99c4d8a21585226a8e1938",
                "reference": "c99e69cde3e688fc0f99c4d8a21585226a8e1938",
                "shasum": ""
            },
            "require": {
                "ext-curl": "*",
                "php": ">=5.3"
            },
            "type": "library",
            "autoload": {
                "psr-4": {
                    "Yandex\\Translate\\": "src"
                }
            },
            "notification-url": "https://packagist.org/downloads/",
            "license": [
                "MIT"
            ],
            "authors": [
                {
                    "name": "Nikita Gusakov",
                    "email": "dev@nkt.me"
                }
            ],
            "description": "Client for Yandex.Translate API",
            "time": "2015-07-27T15:00:45+00:00"
        }
    ],
    "packages-dev": [],
    "aliases": [],
    "minimum-stability": "stable",
    "stability-flags": [],
    "prefer-stable": false,
    "prefer-lowest": false,
    "platform": [],
    "platform-dev": []
}
